
Microsoft Visual Studio Solution File, Format Version 12.00
# Visual Studio Version 17
VisualStudioVersion = 17.2.32526.322
MinimumVisualStudioVersion = 10.0.40219.1
Project("{FAE04EC0-301F-11D3-BF4B-00C04F79EFBC}") = "Week6", "Week6.csproj", "{C9B7CB01-D39A-49A1-9F06-B6F508FF1131}"
EndProject
Global
	GlobalSection(SolutionConfigurationPlatforms) = preSolution
		Debug|Any CPU = Debug|Any CPU
		Release|Any CPU = Release|Any CPU
	EndGlobalSection
	GlobalSection(ProjectConfigurationPlatforms) = postSolution
		{C9B7CB01-D39A-49A1-9F06-B6F508FF1131}.Debug|Any CPU.ActiveCfg = Debug|Any CPU
		{C9B7CB01-D39A-49A1-9F06-B6F508FF1131}.Debug|Any CPU.Build.0 = Debug|Any CPU
		{C9B7CB01-D39A-49A1-9F06-B6F508FF1131}.Release|Any CPU.ActiveCfg = Release|Any CPU
		{C9B7CB01-D39A-49A1-9F06-B6F508FF1131}.Release|Any CPU.Build.0 = Release|Any CPU
	EndGlobalSection
	GlobalSection(SolutionProperties) = preSolution
		HideSolutionNode = FALSE
	EndGlobalSection
	GlobalSection(ExtensibilityGlobals) = postSolution
		SolutionGuid = {D92066C1-7E00-4898-BD66-4793279841FC}
	EndGlobalSection
EndGlobal
